
Microsoft Visual Studio Solution File, Format Version 12.00
# Visual Studio Version 17
VisualStudioVersion = 17.8.34330.188
MinimumVisualStudioVersion = 10.0.40219.1
Project("{2150E333-8FDC-42A3-9474-1A3956D46DE8}") = "API", "API", "{2CBE1602-5EC5-496D-AB34-47D34CA000E2}"
EndProject
Project("{2150E333-8FDC-42A3-9474-1A3956D46DE8}") = "Core", "Core", "{630EC0F7-9243-4990-BF3F-AC37AB1399A3}"
EndProject
Project("{2150E333-8FDC-42A3-9474-1A3956D46DE8}") = "Infrastructure", "Infrastructure", "{C5E9BF45-4BC5-43FE-9BFC-960F093DDE1A}"
EndProject
Project("{FAE04EC0-301F-11D3-BF4B-00C04F79EFBC}") = "Bank.Domain", "Bank.Domain\Bank.Domain.csproj", "{DDB0EF1B-BB06-49C4-89F7-F8932F723EED}"
EndProject
Project("{FAE04EC0-301F-11D3-BF4B-00C04F79EFBC}") = "Bank.Application", "Bank.Application\Bank.Application.csproj", "{7FA62094-DC35-49C2-A358-1B893773AAE1}"
	ProjectSection(ProjectDependencies) = postProject
		{DDB0EF1B-BB06-49C4-89F7-F8932F723EED} = {DDB0EF1B-BB06-49C4-89F7-F8932F723EED}
	EndProjectSection
EndProject
Project("{FAE04EC0-301F-11D3-BF4B-00C04F79EFBC}") = "Bank.Persistance", "Bank.Persistance\Bank.Persistance.csproj", "{564BD8D6-8032-4ABD-A05A-1E6B5B109110}"
	ProjectSection(ProjectDependencies) = postProject
		{7FA62094-DC35-49C2-A358-1B893773AAE1} = {7FA62094-DC35-49C2-A358-1B893773AAE1}
		{DDB0EF1B-BB06-49C4-89F7-F8932F723EED} = {DDB0EF1B-BB06-49C4-89F7-F8932F723EED}
	EndProjectSection
EndProject
Project("{FAE04EC0-301F-11D3-BF4B-00C04F79EFBC}") = "Bank.Service", "Bank.Service\Bank.Service.csproj", "{02881C14-2E1B-49E8-BAE1-BFC22216D2EC}"
	ProjectSection(ProjectDependencies) = postProject
		{564BD8D6-8032-4ABD-A05A-1E6B5B109110} = {564BD8D6-8032-4ABD-A05A-1E6B5B109110}
		{7FA62094-DC35-49C2-A358-1B893773AAE1} = {7FA62094-DC35-49C2-A358-1B893773AAE1}
		{DDB0EF1B-BB06-49C4-89F7-F8932F723EED} = {DDB0EF1B-BB06-49C4-89F7-F8932F723EED}
	EndProjectSection
EndProject
Project("{FAE04EC0-301F-11D3-BF4B-00C04F79EFBC}") = "Bank.Api", "Bank.Api\Bank.Api.csproj", "{520DD5F0-102F-4154-AC26-E42FE7DE7E10}"
	ProjectSection(ProjectDependencies) = postProject
		{02881C14-2E1B-49E8-BAE1-BFC22216D2EC} = {02881C14-2E1B-49E8-BAE1-BFC22216D2EC}
		{564BD8D6-8032-4ABD-A05A-1E6B5B109110} = {564BD8D6-8032-4ABD-A05A-1E6B5B109110}
		{7FA62094-DC35-49C2-A358-1B893773AAE1} = {7FA62094-DC35-49C2-A358-1B893773AAE1}
		{DDB0EF1B-BB06-49C4-89F7-F8932F723EED} = {DDB0EF1B-BB06-49C4-89F7-F8932F723EED}
	EndProjectSection
EndProject
Global
	GlobalSection(SolutionConfigurationPlatforms) = preSolution
		Debug|Any CPU = Debug|Any CPU
		Release|Any CPU = Release|Any CPU
	EndGlobalSection
	GlobalSection(ProjectConfigurationPlatforms) = postSolution
		{DDB0EF1B-BB06-49C4-89F7-F8932F723EED}.Debug|Any CPU.ActiveCfg = Debug|Any CPU
		{DDB0EF1B-BB06-49C4-89F7-F8932F723EED}.Debug|Any CPU.Build.0 = Debug|Any CPU
		{DDB0EF1B-BB06-49C4-89F7-F8932F723EED}.Release|Any CPU.ActiveCfg = Release|Any CPU
		{DDB0EF1B-BB06-49C4-89F7-F8932F723EED}.Release|Any CPU.Build.0 = Release|Any CPU
		{7FA62094-DC35-49C2-A358-1B893773AAE1}.Debug|Any CPU.ActiveCfg = Debug|Any CPU
		{7FA62094-DC35-49C2-A358-1B893773AAE1}.Debug|Any CPU.Build.0 = Debug|Any CPU
		{7FA62094-DC35-49C2-A358-1B893773AAE1}.Release|Any CPU.ActiveCfg = Release|Any CPU
		{7FA62094-DC35-49C2-A358-1B893773AAE1}.Release|Any CPU.Build.0 = Release|Any CPU
		{564BD8D6-8032-4ABD-A05A-1E6B5B109110}.Debug|Any CPU.ActiveCfg = Debug|Any CPU
		{564BD8D6-8032-4ABD-A05A-1E6B5B109110}.Debug|Any CPU.Build.0 = Debug|Any CPU
		{564BD8D6-8032-4ABD-A05A-1E6B5B109110}.Release|Any CPU.ActiveCfg = Release|Any CPU
		{564BD8D6-8032-4ABD-A05A-1E6B5B109110}.Release|Any CPU.Build.0 = Release|Any CPU
		{02881C14-2E1B-49E8-BAE1-BFC22216D2EC}.Debug|Any CPU.ActiveCfg = Debug|Any CPU
		{02881C14-2E1B-49E8-BAE1-BFC22216D2EC}.Debug|Any CPU.Build.0 = Debug|Any CPU
		{02881C14-2E1B-49E8-BAE1-BFC22216D2EC}.Release|Any CPU.ActiveCfg = Release|Any CPU
		{02881C14-2E1B-49E8-BAE1-BFC22216D2EC}.Release|Any CPU.Build.0 = Release|Any CPU
		{520DD5F0-102F-4154-AC26-E42FE7DE7E10}.Debug|Any CPU.ActiveCfg = Debug|Any CPU
		{520DD5F0-102F-4154-AC26-E42FE7DE7E10}.Debug|Any CPU.Build.0 = Debug|Any CPU
		{520DD5F0-102F-4154-AC26-E42FE7DE7E10}.Release|Any CPU.ActiveCfg = Release|Any CPU
		{520DD5F0-102F-4154-AC26-E42FE7DE7E10}.Release|Any CPU.Build.0 = Release|Any CPU
	EndGlobalSection
	GlobalSection(SolutionProperties) = preSolution
		HideSolutionNode = FALSE
	EndGlobalSection
	GlobalSection(NestedProjects) = preSolution
		{DDB0EF1B-BB06-49C4-89F7-F8932F723EED} = {630EC0F7-9243-4990-BF3F-AC37AB1399A3}
		{7FA62094-DC35-49C2-A358-1B893773AAE1} = {630EC0F7-9243-4990-BF3F-AC37AB1399A3}
		{564BD8D6-8032-4ABD-A05A-1E6B5B109110} = {C5E9BF45-4BC5-43FE-9BFC-960F093DDE1A}
		{02881C14-2E1B-49E8-BAE1-BFC22216D2EC} = {C5E9BF45-4BC5-43FE-9BFC-960F093DDE1A}
		{520DD5F0-102F-4154-AC26-E42FE7DE7E10} = {2CBE1602-5EC5-496D-AB34-47D34CA000E2}
	EndGlobalSection
	GlobalSection(ExtensibilityGlobals) = postSolution
		SolutionGuid = {0E774DC5-EFA4-4538-88A3-FF352CB04653}
	EndGlobalSection
EndGlobal
